{
  "nodes": {
    "nixpkgs": {
      "locked": {
        "lastModified": 1602068169,
        "narHash": "sha256-xGbi487jxOClpEUawORQtGkYMrm/ghmuXINpCcgYTSM=",
        "owner": "NixOS",
        "repo": "nixpkgs",
        "rev": "d98e138f8d5a1dd9797d79474d1e8fd0bc843376",
        "type": "github"
      },
      "original": {
        "id": "nixpkgs",
        "type": "indirect"
      }
    },
    "root": {
      "inputs": {
        "nixpkgs": "nixpkgs"
      }
    }
  },
  "root": "root",
  "version": 7
}
